
Microsoft Visual Studio Solution File, Format Version 12.00
# Visual Studio Version 17
VisualStudioVersion = 17.11.35312.102
MinimumVisualStudioVersion = 10.0.40219.1
Project("{FAE04EC0-301F-11D3-BF4B-00C04F79EFBC}") = "OrderManagementApp", "OrderManagementApp.csproj", "{A3474A07-E6A2-47A4-93FB-8C779F334AA9}"
EndProject
Global
	GlobalSection(SolutionConfigurationPlatforms) = preSolution
		Debug|Any CPU = Debug|Any CPU
		Release|Any CPU = Release|Any CPU
	EndGlobalSection
	GlobalSection(ProjectConfigurationPlatforms) = postSolution
		{A3474A07-E6A2-47A4-93FB-8C779F334AA9}.Debug|Any CPU.ActiveCfg = Debug|Any CPU
		{A3474A07-E6A2-47A4-93FB-8C779F334AA9}.Debug|Any CPU.Build.0 = Debug|Any CPU
		{A3474A07-E6A2-47A4-93FB-8C779F334AA9}.Release|Any CPU.ActiveCfg = Release|Any CPU
		{A3474A07-E6A2-47A4-93FB-8C779F334AA9}.Release|Any CPU.Build.0 = Release|Any CPU
	EndGlobalSection
	GlobalSection(SolutionProperties) = preSolution
		HideSolutionNode = FALSE
	EndGlobalSection
	GlobalSection(ExtensibilityGlobals) = postSolution
		SolutionGuid = {95C660D6-3807-42FC-843A-6E416F3C09C3}
	EndGlobalSection
EndGlobal
