
Microsoft Visual Studio Solution File, Format Version 12.00
# Visual Studio Version 17
VisualStudioVersion = 17.11.35312.102
MinimumVisualStudioVersion = 10.0.40219.1
Project("{FAE04EC0-301F-11D3-BF4B-00C04F79EFBC}") = "Activity_2", "Activity_2.csproj", "{9BA57703-8129-48BC-946E-AC7FE8E217BF}"
EndProject
Global
	GlobalSection(SolutionConfigurationPlatforms) = preSolution
		Debug|Any CPU = Debug|Any CPU
		Release|Any CPU = Release|Any CPU
	EndGlobalSection
	GlobalSection(ProjectConfigurationPlatforms) = postSolution
		{9BA57703-8129-48BC-946E-AC7FE8E217BF}.Debug|Any CPU.ActiveCfg = Debug|Any CPU
		{9BA57703-8129-48BC-946E-AC7FE8E217BF}.Debug|Any CPU.Build.0 = Debug|Any CPU
		{9BA57703-8129-48BC-946E-AC7FE8E217BF}.Release|Any CPU.ActiveCfg = Release|Any CPU
		{9BA57703-8129-48BC-946E-AC7FE8E217BF}.Release|Any CPU.Build.0 = Release|Any CPU
	EndGlobalSection
	GlobalSection(SolutionProperties) = preSolution
		HideSolutionNode = FALSE
	EndGlobalSection
	GlobalSection(ExtensibilityGlobals) = postSolution
		SolutionGuid = {6031AE0F-C20B-4546-B65C-56321001682C}
	EndGlobalSection
EndGlobal
